
Microsoft Visual Studio Solution File, Format Version 12.00
# Visual Studio 2012
Project("{FAE04EC0-301F-11D3-BF4B-00C04F79EFBC}") = "MySplit", "MySplit\MySplit.csproj", "{ADBB7554-FC92-477A-8F0A-D25AD992D66A}"
EndProject
Global
	GlobalSection(SolutionConfigurationPlatforms) = preSolution
		Debug|Any CPU = Debug|Any CPU
		Release|Any CPU = Release|Any CPU
	EndGlobalSection
	GlobalSection(ProjectConfigurationPlatforms) = postSolution
		{ADBB7554-FC92-477A-8F0A-D25AD992D66A}.Debug|Any CPU.ActiveCfg = Debug|Any CPU
		{ADBB7554-FC92-477A-8F0A-D25AD992D66A}.Debug|Any CPU.Build.0 = Debug|Any CPU
		{ADBB7554-FC92-477A-8F0A-D25AD992D66A}.Release|Any CPU.ActiveCfg = Release|Any CPU
		{ADBB7554-FC92-477A-8F0A-D25AD992D66A}.Release|Any CPU.Build.0 = Release|Any CPU
	EndGlobalSection
EndGlobal
